// !$*UTF8*$!
{
	archiveVersion = 1;
	classes = {
	};
	objectVersion = 46;
	objects = {

/* Begin PBXBuildFile section */
		653C0B171BBC91F3005B6FD2 /* AppDelegate.swift in Sources */ = {isa = PBXBuildFile; fileRef = 653C0B161BBC91F3005B6FD2 /* AppDelegate.swift */; };
		653C0B1C1BBC91F3005B6FD2 /* Main.storyboard in Resources */ = {isa = PBXBuildFile; fileRef = 653C0B1A1BBC91F3005B6FD2 /* Main.storyboard */; };
		653C0B1E1BBC91F3005B6FD2 /* Assets.xcassets in Resources */ = {isa = PBXBuildFile; fileRef = 653C0B1D1BBC91F3005B6FD2 /* Assets.xcassets */; };
		653C0B211BBC91F3005B6FD2 /* LaunchScreen.storyboard in Resources */ = {isa = PBXBuildFile; fileRef = 653C0B1F1BBC91F3005B6FD2 /* LaunchScreen.storyboard */; };
		653C0B2C1BBC91F4005B6FD2 /* Dartmouth_NutritionTests.swift in Sources */ = {isa = PBXBuildFile; fileRef = 653C0B2B1BBC91F4005B6FD2 /* Dartmouth_NutritionTests.swift */; };
		653C0B371BBC91F4005B6FD2 /* Dartmouth_NutritionUITests.swift in Sources */ = {isa = PBXBuildFile; fileRef = 653C0B361BBC91F4005B6FD2 /* Dartmouth_NutritionUITests.swift */; };
		653C0B451BC35602005B6FD2 /* NutritionInfo.swift in Sources */ = {isa = PBXBuildFile; fileRef = 653C0B441BC35601005B6FD2 /* NutritionInfo.swift */; settings = {ASSET_TAGS = (); }; };
		653C0B471BCC7A7E005B6FD2 /* MenuClient.swift in Sources */ = {isa = PBXBuildFile; fileRef = 653C0B461BCC7A7E005B6FD2 /* MenuClient.swift */; settings = {ASSET_TAGS = (); }; };
		653C0B4D1BCF0C26005B6FD2 /* DiaryViewController.swift in Sources */ = {isa = PBXBuildFile; fileRef = 653C0B4C1BCF0C26005B6FD2 /* DiaryViewController.swift */; settings = {ASSET_TAGS = (); }; };
		653C0B4F1BCF0CA5005B6FD2 /* PreferencesViewController.swift in Sources */ = {isa = PBXBuildFile; fileRef = 653C0B4E1BCF0CA5005B6FD2 /* PreferencesViewController.swift */; settings = {ASSET_TAGS = (); }; };
		653C0B931BD59739005B6FD2 /* RecipeTableViewController.swift in Sources */ = {isa = PBXBuildFile; fileRef = 653C0B921BD59739005B6FD2 /* RecipeTableViewController.swift */; settings = {ASSET_TAGS = (); }; };
		653C0B951BD5B013005B6FD2 /* MenuSearchViewController.swift in Sources */ = {isa = PBXBuildFile; fileRef = 653C0B941BD5B013005B6FD2 /* MenuSearchViewController.swift */; settings = {ASSET_TAGS = (); }; };
		653C0B971BD5C18B005B6FD2 /* MenuFilter.swift in Sources */ = {isa = PBXBuildFile; fileRef = 653C0B961BD5C18B005B6FD2 /* MenuFilter.swift */; settings = {ASSET_TAGS = (); }; };
		657F09291BE99ABC00E87F31 /* Recipe.swift in Sources */ = {isa = PBXBuildFile; fileRef = 657F09281BE99ABC00E87F31 /* Recipe.swift */; settings = {ASSET_TAGS = (); }; };
		657F092B1BEC0A9F00E87F31 /* UserData.swift in Sources */ = {isa = PBXBuildFile; fileRef = 657F092A1BEC0A9F00E87F31 /* UserData.swift */; settings = {ASSET_TAGS = (); }; };
		6583D4931BE846A700D8B4F8 /* NutrientIntake.swift in Sources */ = {isa = PBXBuildFile; fileRef = 6583D4921BE846A700D8B4F8 /* NutrientIntake.swift */; settings = {ASSET_TAGS = (); }; };
		65CF98B61BE800A800253FC7 /* RecipeViewController.swift in Sources */ = {isa = PBXBuildFile; fileRef = 65CF98B51BE800A700253FC7 /* RecipeViewController.swift */; settings = {ASSET_TAGS = (); }; };
		65CF98B81BE82A9B00253FC7 /* NutrientCell.swift in Sources */ = {isa = PBXBuildFile; fileRef = 65CF98B71BE82A9B00253FC7 /* NutrientCell.swift */; settings = {ASSET_TAGS = (); }; };
		65CF98BA1BE82E1700253FC7 /* Nutrient.swift in Sources */ = {isa = PBXBuildFile; fileRef = 65CF98B91BE82E1700253FC7 /* Nutrient.swift */; settings = {ASSET_TAGS = (); }; };
/* End PBXBuildFile section */

/* Begin PBXContainerItemProxy section */
		653C0B281BBC91F4005B6FD2 /* PBXContainerItemProxy */ = {
			isa = PBXContainerItemProxy;
			containerPortal = 653C0B0B1BBC91F3005B6FD2 /* Project object */;
			proxyType = 1;
			remoteGlobalIDString = 653C0B121BBC91F3005B6FD2;
			remoteInfo = "Dartmouth Nutrition";
		};
		653C0B331BBC91F4005B6FD2 /* PBXContainerItemProxy */ = {
			isa = PBXContainerItemProxy;
			containerPortal = 653C0B0B1BBC91F3005B6FD2 /* Project object */;
			proxyType = 1;
			remoteGlobalIDString = 653C0B121BBC91F3005B6FD2;
			remoteInfo = "Dartmouth Nutrition";
		};
/* End PBXContainerItemProxy section */

/* Begin PBXFileReference section */
		653C0B131BBC91F3005B6FD2 /* Dartmouth Nutrition.app */ = {isa = PBXFileReference; explicitFileType = wrapper.application; includeInIndex = 0; path = "Dartmouth Nutrition.app"; sourceTree = BUILT_PRODUCTS_DIR; };
		653C0B161BBC91F3005B6FD2 /* AppDelegate.swift */ = {isa = PBXFileReference; lastKnownFileType = sourcecode.swift; path = AppDelegate.swift; sourceTree = "<group>"; };
		653C0B1B1BBC91F3005B6FD2 /* Base */ = {isa = PBXFileReference; lastKnownFileType = file.storyboard; name = Base; path = Base.lproj/Main.storyboard; sourceTree = "<group>"; };
		653C0B1D1BBC91F3005B6FD2 /* Assets.xcassets */ = {isa = PBXFileReference; lastKnownFileType = folder.assetcatalog; path = Assets.xcassets; sourceTree = "<group>"; };
		653C0B201BBC91F3005B6FD2 /* Base */ = {isa = PBXFileReference; lastKnownFileType = file.storyboard; name = Base; path = Base.lproj/LaunchScreen.storyboard; sourceTree = "<group>"; };
		653C0B221BBC91F3005B6FD2 /* Info.plist */ = {isa = PBXFileReference; lastKnownFileType = text.plist.xml; path = Info.plist; sourceTree = "<group>"; };
		653C0B271BBC91F4005B6FD2 /* Dartmouth NutritionTests.xctest */ = {isa = PBXFileReference; explicitFileType = wrapper.cfbundle; includeInIndex = 0; path = "Dartmouth NutritionTests.xctest"; sourceTree = BUILT_PRODUCTS_DIR; };
		653C0B2B1BBC91F4005B6FD2 /* Dartmouth_NutritionTests.swift */ = {isa = PBXFileReference; lastKnownFileType = sourcecode.swift; path = Dartmouth_NutritionTests.swift; sourceTree = "<group>"; };
		653C0B2D1BBC91F4005B6FD2 /* Info.plist */ = {isa = PBXFileReference; lastKnownFileType = text.plist.xml; path = Info.plist; sourceTree = "<group>"; };
		653C0B321BBC91F4005B6FD2 /* Dartmouth NutritionUITests.xctest */ = {isa = PBXFileReference; explicitFileType = wrapper.cfbundle; includeInIndex = 0; path = "Dartmouth NutritionUITests.xctest"; sourceTree = BUILT_PRODUCTS_DIR; };
		653C0B361BBC91F4005B6FD2 /* Dartmouth_NutritionUITests.swift */ = {isa = PBXFileReference; lastKnownFileType = sourcecode.swift; path = Dartmouth_NutritionUITests.swift; sourceTree = "<group>"; };
		653C0B381BBC91F4005B6FD2 /* Info.plist */ = {isa = PBXFileReference; lastKnownFileType = text.plist.xml; path = Info.plist; sourceTree = "<group>"; };
		653C0B441BC35601005B6FD2 /* NutritionInfo.swift */ = {isa = PBXFileReference; fileEncoding = 4; lastKnownFileType = sourcecode.swift; path = NutritionInfo.swift; sourceTree = "<group>"; };
		653C0B461BCC7A7E005B6FD2 /* MenuClient.swift */ = {isa = PBXFileReference; fileEncoding = 4; lastKnownFileType = sourcecode.swift; path = MenuClient.swift; sourceTree = "<group>"; };
		653C0B4C1BCF0C26005B6FD2 /* DiaryViewController.swift */ = {isa = PBXFileReference; fileEncoding = 4; lastKnownFileType = sourcecode.swift; path = DiaryViewController.swift; sourceTree = "<group>"; };
		653C0B4E1BCF0CA5005B6FD2 /* PreferencesViewController.swift */ = {isa = PBXFileReference; fileEncoding = 4; lastKnownFileType = sourcecode.swift; path = PreferencesViewController.swift; sourceTree = "<group>"; };
		653C0B921BD59739005B6FD2 /* RecipeTableViewController.swift */ = {isa = PBXFileReference; fileEncoding = 4; lastKnownFileType = sourcecode.swift; path = RecipeTableViewController.swift; sourceTree = "<group>"; };
		653C0B941BD5B013005B6FD2 /* MenuSearchViewController.swift */ = {isa = PBXFileReference; fileEncoding = 4; lastKnownFileType = sourcecode.swift; path = MenuSearchViewController.swift; sourceTree = "<group>"; };
		653C0B961BD5C18B005B6FD2 /* MenuFilter.swift */ = {isa = PBXFileReference; fileEncoding = 4; lastKnownFileType = sourcecode.swift; path = MenuFilter.swift; sourceTree = "<group>"; };
		657F09281BE99ABC00E87F31 /* Recipe.swift */ = {isa = PBXFileReference; fileEncoding = 4; lastKnownFileType = sourcecode.swift; path = Recipe.swift; sourceTree = "<group>"; };
		657F092A1BEC0A9F00E87F31 /* UserData.swift */ = {isa = PBXFileReference; fileEncoding = 4; lastKnownFileType = sourcecode.swift; path = UserData.swift; sourceTree = "<group>"; };
		6583D4921BE846A700D8B4F8 /* NutrientIntake.swift */ = {isa = PBXFileReference; fileEncoding = 4; lastKnownFileType = sourcecode.swift; path = NutrientIntake.swift; sourceTree = "<group>"; };
		65CF98B51BE800A700253FC7 /* RecipeViewController.swift */ = {isa = PBXFileReference; fileEncoding = 4; lastKnownFileType = sourcecode.swift; path = RecipeViewController.swift; sourceTree = "<group>"; };
		65CF98B71BE82A9B00253FC7 /* NutrientCell.swift */ = {isa = PBXFileReference; fileEncoding = 4; lastKnownFileType = sourcecode.swift; path = NutrientCell.swift; sourceTree = "<group>"; };
		65CF98B91BE82E1700253FC7 /* Nutrient.swift */ = {isa = PBXFileReference; fileEncoding = 4; lastKnownFileType = sourcecode.swift; path = Nutrient.swift; sourceTree = "<group>"; };
/* End PBXFileReference section */

/* Begin PBXFrameworksBuildPhase section */
		653C0B101BBC91F3005B6FD2 /* Frameworks */ = {
			isa = PBXFrameworksBuildPhase;
			buildActionMask = 2147483647;
			files = (
			);
			runOnlyForDeploymentPostprocessing = 0;
		};
		653C0B241BBC91F4005B6FD2 /* Frameworks */ = {
			isa = PBXFrameworksBuildPhase;
			buildActionMask = 2147483647;
			files = (
			);
			runOnlyForDeploymentPostprocessing = 0;
		};
		653C0B2F1BBC91F4005B6FD2 /* Frameworks */ = {
			isa = PBXFrameworksBuildPhase;
			buildActionMask = 2147483647;
			files = (
			);
			runOnlyForDeploymentPostprocessing = 0;
		};
/* End PBXFrameworksBuildPhase section */

/* Begin PBXGroup section */
		653C0B0A1BBC91F3005B6FD2 = {
			isa = PBXGroup;
			children = (
				653C0B151BBC91F3005B6FD2 /* Dartmouth Nutrition */,
				653C0B2A1BBC91F4005B6FD2 /* Dartmouth NutritionTests */,
				653C0B351BBC91F4005B6FD2 /* Dartmouth NutritionUITests */,
				653C0B141BBC91F3005B6FD2 /* Products */,
			);
			sourceTree = "<group>";
		};
		653C0B141BBC91F3005B6FD2 /* Products */ = {
			isa = PBXGroup;
			children = (
				653C0B131BBC91F3005B6FD2 /* Dartmouth Nutrition.app */,
				653C0B271BBC91F4005B6FD2 /* Dartmouth NutritionTests.xctest */,
				653C0B321BBC91F4005B6FD2 /* Dartmouth NutritionUITests.xctest */,
			);
			name = Products;
			sourceTree = "<group>";
		};
		653C0B151BBC91F3005B6FD2 /* Dartmouth Nutrition */ = {
			isa = PBXGroup;
			children = (
				65CF98B41BE54DAC00253FC7 /* MenuView */,
				65CF98B31BE54D9000253FC7 /* PreferencesView */,
				65CF98B21BE54D7800253FC7 /* DiaryView */,
				653C0B491BCF03BA005B6FD2 /* Model */,
				653C0B1A1BBC91F3005B6FD2 /* Main.storyboard */,
				653C0B481BCF035E005B6FD2 /* Supporting Files */,
			);
			path = "Dartmouth Nutrition";
			sourceTree = "<group>";
		};
		653C0B2A1BBC91F4005B6FD2 /* Dartmouth NutritionTests */ = {
			isa = PBXGroup;
			children = (
				653C0B2B1BBC91F4005B6FD2 /* Dartmouth_NutritionTests.swift */,
				653C0B2D1BBC91F4005B6FD2 /* Info.plist */,
			);
			path = "Dartmouth NutritionTests";
			sourceTree = "<group>";
		};
		653C0B351BBC91F4005B6FD2 /* Dartmouth NutritionUITests */ = {
			isa = PBXGroup;
			children = (
				653C0B361BBC91F4005B6FD2 /* Dartmouth_NutritionUITests.swift */,
				653C0B381BBC91F4005B6FD2 /* Info.plist */,
			);
			path = "Dartmouth NutritionUITests";
			sourceTree = "<group>";
		};
		653C0B481BCF035E005B6FD2 /* Supporting Files */ = {
			isa = PBXGroup;
			children = (
				653C0B161BBC91F3005B6FD2 /* AppDelegate.swift */,
				653C0B221BBC91F3005B6FD2 /* Info.plist */,
				653C0B1D1BBC91F3005B6FD2 /* Assets.xcassets */,
				653C0B1F1BBC91F3005B6FD2 /* LaunchScreen.storyboard */,
			);
			name = "Supporting Files";
			sourceTree = "<group>";
		};
		653C0B491BCF03BA005B6FD2 /* Model */ = {
			isa = PBXGroup;
			children = (
				653C0B461BCC7A7E005B6FD2 /* MenuClient.swift */,
				653C0B441BC35601005B6FD2 /* NutritionInfo.swift */,
				65CF98B91BE82E1700253FC7 /* Nutrient.swift */,
				6583D4921BE846A700D8B4F8 /* NutrientIntake.swift */,
				657F09281BE99ABC00E87F31 /* Recipe.swift */,
				657F092A1BEC0A9F00E87F31 /* UserData.swift */,
			);
			name = Model;
			sourceTree = "<group>";
		};
		65CF98B21BE54D7800253FC7 /* DiaryView */ = {
			isa = PBXGroup;
			children = (
				653C0B4C1BCF0C26005B6FD2 /* DiaryViewController.swift */,
			);
			name = DiaryView;
			sourceTree = "<group>";
		};
		65CF98B31BE54D9000253FC7 /* PreferencesView */ = {
			isa = PBXGroup;
			children = (
				653C0B4E1BCF0CA5005B6FD2 /* PreferencesViewController.swift */,
			);
			name = PreferencesView;
			sourceTree = "<group>";
		};
		65CF98B41BE54DAC00253FC7 /* MenuView */ = {
			isa = PBXGroup;
			children = (
				65CF98B71BE82A9B00253FC7 /* NutrientCell.swift */,
				653C0B961BD5C18B005B6FD2 /* MenuFilter.swift */,
				653C0B941BD5B013005B6FD2 /* MenuSearchViewController.swift */,
				65CF98B51BE800A700253FC7 /* RecipeViewController.swift */,
				653C0B921BD59739005B6FD2 /* RecipeTableViewController.swift */,
			);
			name = MenuView;
			sourceTree = "<group>";
		};
/* End PBXGroup section */

/* Begin PBXNativeTarget section */
		653C0B121BBC91F3005B6FD2 /* Dartmouth Nutrition */ = {
			isa = PBXNativeTarget;
			buildConfigurationList = 653C0B3B1BBC91F4005B6FD2 /* Build configuration list for PBXNativeTarget "Dartmouth Nutrition" */;
			buildPhases = (
				653C0B0F1BBC91F3005B6FD2 /* Sources */,
				653C0B101BBC91F3005B6FD2 /* Frameworks */,
				653C0B111BBC91F3005B6FD2 /* Resources */,
			);
			buildRules = (
			);
			dependencies = (
			);
			name = "Dartmouth Nutrition";
			productName = "Dartmouth Nutrition";
			productReference = 653C0B131BBC91F3005B6FD2 /* Dartmouth Nutrition.app */;
			productType = "com.apple.product-type.application";
		};
		653C0B261BBC91F4005B6FD2 /* Dartmouth NutritionTests */ = {
			isa = PBXNativeTarget;
			buildConfigurationList = 653C0B3E1BBC91F4005B6FD2 /* Build configuration list for PBXNativeTarget "Dartmouth NutritionTests" */;
			buildPhases = (
				653C0B231BBC91F4005B6FD2 /* Sources */,
				653C0B241BBC91F4005B6FD2 /* Frameworks */,
				653C0B251BBC91F4005B6FD2 /* Resources */,
			);
			buildRules = (
			);
			dependencies = (
				653C0B291BBC91F4005B6FD2 /* PBXTargetDependency */,
			);
			name = "Dartmouth NutritionTests";
			productName = "Dartmouth NutritionTests";
			productReference = 653C0B271BBC91F4005B6FD2 /* Dartmouth NutritionTests.xctest */;
			productType = "com.apple.product-type.bundle.unit-test";
		};
		653C0B311BBC91F4005B6FD2 /* Dartmouth NutritionUITests */ = {
			isa = PBXNativeTarget;
			buildConfigurationList = 653C0B411BBC91F4005B6FD2 /* Build configuration list for PBXNativeTarget "Dartmouth NutritionUITests" */;
			buildPhases = (
				653C0B2E1BBC91F4005B6FD2 /* Sources */,
				653C0B2F1BBC91F4005B6FD2 /* Frameworks */,
				653C0B301BBC91F4005B6FD2 /* Resources */,
			);
			buildRules = (
			);
			dependencies = (
				653C0B341BBC91F4005B6FD2 /* PBXTargetDependency */,
			);
			name = "Dartmouth NutritionUITests";
			productName = "Dartmouth NutritionUITests";
			productReference = 653C0B321BBC91F4005B6FD2 /* Dartmouth NutritionUITests.xctest */;
			productType = "com.apple.product-type.bundle.ui-testing";
		};
/* End PBXNativeTarget section */

/* Begin PBXProject section */
		653C0B0B1BBC91F3005B6FD2 /* Project object */ = {
			isa = PBXProject;
			attributes = {
				LastUpgradeCheck = 0700;
				ORGANIZATIONNAME = "Thomas Kidder";
				TargetAttributes = {
					653C0B121BBC91F3005B6FD2 = {
						CreatedOnToolsVersion = 7.0;
						DevelopmentTeam = 8529HT92V4;
					};
					653C0B261BBC91F4005B6FD2 = {
						CreatedOnToolsVersion = 7.0;
						DevelopmentTeam = 8529HT92V4;
						TestTargetID = 653C0B121BBC91F3005B6FD2;
					};
					653C0B311BBC91F4005B6FD2 = {
						CreatedOnToolsVersion = 7.0;
						DevelopmentTeam = 8529HT92V4;
						TestTargetID = 653C0B121BBC91F3005B6FD2;
					};
				};
			};
			buildConfigurationList = 653C0B0E1BBC91F3005B6FD2 /* Build configuration list for PBXProject "Dartmouth Nutrition" */;
			compatibilityVersion = "Xcode 3.2";
			developmentRegion = English;
			hasScannedForEncodings = 0;
			knownRegions = (
				en,
				Base,
			);
			mainGroup = 653C0B0A1BBC91F3005B6FD2;
			productRefGroup = 653C0B141BBC91F3005B6FD2 /* Products */;
			projectDirPath = "";
			projectRoot = "";
			targets = (
				653C0B121BBC91F3005B6FD2 /* Dartmouth Nutrition */,
				653C0B261BBC91F4005B6FD2 /* Dartmouth NutritionTests */,
				653C0B311BBC91F4005B6FD2 /* Dartmouth NutritionUITests */,
			);
		};
/* End PBXProject section */

/* Begin PBXResourcesBuildPhase section */
		653C0B111BBC91F3005B6FD2 /* Resources */ = {
			isa = PBXResourcesBuildPhase;
			buildActionMask = 2147483647;
			files = (
				653C0B211BBC91F3005B6FD2 /* LaunchScreen.storyboard in Resources */,
				653C0B1E1BBC91F3005B6FD2 /* Assets.xcassets in Resources */,
				653C0B1C1BBC91F3005B6FD2 /* Main.storyboard in Resources */,
			);
			runOnlyForDeploymentPostprocessing = 0;
		};
		653C0B251BBC91F4005B6FD2 /* Resources */ = {
			isa = PBXResourcesBuildPhase;
			buildActionMask = 2147483647;
			files = (
			);
			runOnlyForDeploymentPostprocessing = 0;
		};
		653C0B301BBC91F4005B6FD2 /* Resources */ = {
			isa = PBXResourcesBuildPhase;
			buildActionMask = 2147483647;
			files = (
			);
			runOnlyForDeploymentPostprocessing = 0;
		};
/* End PBXResourcesBuildPhase section */

/* Begin PBXSourcesBuildPhase section */
		653C0B0F1BBC91F3005B6FD2 /* Sources */ = {
			isa = PBXSourcesBuildPhase;
			buildActionMask = 2147483647;
			files = (
				6583D4931BE846A700D8B4F8 /* NutrientIntake.swift in Sources */,
				65CF98BA1BE82E1700253FC7 /* Nutrient.swift in Sources */,
				657F092B1BEC0A9F00E87F31 /* UserData.swift in Sources */,
				653C0B451BC35602005B6FD2 /* NutritionInfo.swift in Sources */,
				653C0B951BD5B013005B6FD2 /* MenuSearchViewController.swift in Sources */,
				653C0B4D1BCF0C26005B6FD2 /* DiaryViewController.swift in Sources */,
				653C0B171BBC91F3005B6FD2 /* AppDelegate.swift in Sources */,
				65CF98B81BE82A9B00253FC7 /* NutrientCell.swift in Sources */,
				653C0B931BD59739005B6FD2 /* RecipeTableViewController.swift in Sources */,
				653C0B471BCC7A7E005B6FD2 /* MenuClient.swift in Sources */,
				653C0B971BD5C18B005B6FD2 /* MenuFilter.swift in Sources */,
				657F09291BE99ABC00E87F31 /* Recipe.swift in Sources */,
				653C0B4F1BCF0CA5005B6FD2 /* PreferencesViewController.swift in Sources */,
				65CF98B61BE800A800253FC7 /* RecipeViewController.swift in Sources */,
			);
			runOnlyForDeploymentPostprocessing = 0;
		};
		653C0B231BBC91F4005B6FD2 /* Sources */ = {
			isa = PBXSourcesBuildPhase;
			buildActionMask = 2147483647;
			files = (
				653C0B2C1BBC91F4005B6FD2 /* Dartmouth_NutritionTests.swift in Sources */,
			);
			runOnlyForDeploymentPostprocessing = 0;
		};
		653C0B2E1BBC91F4005B6FD2 /* Sources */ = {
			isa = PBXSourcesBuildPhase;
			buildActionMask = 2147483647;
			files = (
				653C0B371BBC91F4005B6FD2 /* Dartmouth_NutritionUITests.swift in Sources */,
			);
			runOnlyForDeploymentPostprocessing = 0;
		};
/* End PBXSourcesBuildPhase section */

/* Begin PBXTargetDependency section */
		653C0B291BBC91F4005B6FD2 /* PBXTargetDependency */ = {
			isa = PBXTargetDependency;
			target = 653C0B121BBC91F3005B6FD2 /* Dartmouth Nutrition */;
			targetProxy = 653C0B281BBC91F4005B6FD2 /* PBXContainerItemProxy */;
		};
		653C0B341BBC91F4005B6FD2 /* PBXTargetDependency */ = {
			isa = PBXTargetDependency;
			target = 653C0B121BBC91F3005B6FD2 /* Dartmouth Nutrition */;
			targetProxy = 653C0B331BBC91F4005B6FD2 /* PBXContainerItemProxy */;
		};
/* End PBXTargetDependency section */

/* Begin PBXVariantGroup section */
		653C0B1A1BBC91F3005B6FD2 /* Main.storyboard */ = {
			isa = PBXVariantGroup;
			children = (
				653C0B1B1BBC91F3005B6FD2 /* Base */,
			);
			name = Main.storyboard;
			sourceTree = "<group>";
		};
		653C0B1F1BBC91F3005B6FD2 /* LaunchScreen.storyboard */ = {
			isa = PBXVariantGroup;
			children = (
				653C0B201BBC91F3005B6FD2 /* Base */,
			);
			name = LaunchScreen.storyboard;
			sourceTree = "<group>";
		};
/* End PBXVariantGroup section */

/* Begin XCBuildConfiguration section */
		653C0B391BBC91F4005B6FD2 /* Debug */ = {
			isa = XCBuildConfiguration;
			buildSettings = {
				ALWAYS_SEARCH_USER_PATHS = NO;
				CLANG_CXX_LANGUAGE_STANDARD = "gnu++0x";
				CLANG_CXX_LIBRARY = "libc++";
				CLANG_ENABLE_MODULES = YES;
				CLANG_ENABLE_OBJC_ARC = YES;
				CLANG_WARN_BOOL_CONVERSION = YES;
				CLANG_WARN_CONSTANT_CONVERSION = YES;
				CLANG_WARN_DIRECT_OBJC_ISA_USAGE = YES_ERROR;
				CLANG_WARN_EMPTY_BODY = YES;
				CLANG_WARN_ENUM_CONVERSION = YES;
				CLANG_WARN_INT_CONVERSION = YES;
				CLANG_WARN_OBJC_ROOT_CLASS = YES_ERROR;
				CLANG_WARN_UNREACHABLE_CODE = YES;
				CLANG_WARN__DUPLICATE_METHOD_MATCH = YES;
				"CODE_SIGN_IDENTITY[sdk=iphoneos*]" = "iPhone Developer";
				COPY_PHASE_STRIP = NO;
				DEBUG_INFORMATION_FORMAT = dwarf;
				ENABLE_STRICT_OBJC_MSGSEND = YES;
				ENABLE_TESTABILITY = YES;
				GCC_C_LANGUAGE_STANDARD = gnu99;
				GCC_DYNAMIC_NO_PIC = NO;
				GCC_NO_COMMON_BLOCKS = YES;
				GCC_OPTIMIZATION_LEVEL = 0;
				GCC_PREPROCESSOR_DEFINITIONS = (
					"DEBUG=1",
					"$(inherited)",
				);
				GCC_WARN_64_TO_32_BIT_CONVERSION = YES;
				GCC_WARN_ABOUT_RETURN_TYPE = YES_ERROR;
				GCC_WARN_UNDECLARED_SELECTOR = YES;
				GCC_WARN_UNINITIALIZED_AUTOS = YES_AGGRESSIVE;
				GCC_WARN_UNUSED_FUNCTION = YES;
				GCC_WARN_UNUSED_VARIABLE = YES;
				IPHONEOS_DEPLOYMENT_TARGET = 9.0;
				MTL_ENABLE_DEBUG_INFO = YES;
				ONLY_ACTIVE_ARCH = YES;
				SDKROOT = iphoneos;
				SWIFT_OPTIMIZATION_LEVEL = "-Onone";
				TARGETED_DEVICE_FAMILY = "1,2";
			};
			name = Debug;
		};
		653C0B3A1BBC91F4005B6FD2 /* Release */ = {
			isa = XCBuildConfiguration;
			buildSettings = {
				ALWAYS_SEARCH_USER_PATHS = NO;
				CLANG_CXX_LANGUAGE_STANDARD = "gnu++0x";
				CLANG_CXX_LIBRARY = "libc++";
				CLANG_ENABLE_MODULES = YES;
				CLANG_ENABLE_OBJC_ARC = YES;
				CLANG_WARN_BOOL_CONVERSION = YES;
				CLANG_WARN_CONSTANT_CONVERSION = YES;
				CLANG_WARN_DIRECT_OBJC_ISA_USAGE = YES_ERROR;
				CLANG_WARN_EMPTY_BODY = YES;
				CLANG_WARN_ENUM_CONVERSION = YES;
				CLANG_WARN_INT_CONVERSION = YES;
				CLANG_WARN_OBJC_ROOT_CLASS = YES_ERROR;
				CLANG_WARN_UNREACHABLE_CODE = YES;
				CLANG_WARN__DUPLICATE_METHOD_MATCH = YES;
				"CODE_SIGN_IDENTITY[sdk=iphoneos*]" = "iPhone Developer";
				COPY_PHASE_STRIP = NO;
				DEBUG_INFORMATION_FORMAT = "dwarf-with-dsym";
				ENABLE_NS_ASSERTIONS = NO;
				ENABLE_STRICT_OBJC_MSGSEND = YES;
				GCC_C_LANGUAGE_STANDARD = gnu99;
				GCC_NO_COMMON_BLOCKS = YES;
				GCC_WARN_64_TO_32_BIT_CONVERSION = YES;
				GCC_WARN_ABOUT_RETURN_TYPE = YES_ERROR;
				GCC_WARN_UNDECLARED_SELECTOR = YES;
				GCC_WARN_UNINITIALIZED_AUTOS = YES_AGGRESSIVE;
				GCC_WARN_UNUSED_FUNCTION = YES;
				GCC_WARN_UNUSED_VARIABLE = YES;
				IPHONEOS_DEPLOYMENT_TARGET = 9.0;
				MTL_ENABLE_DEBUG_INFO = NO;
				SDKROOT = iphoneos;
				TARGETED_DEVICE_FAMILY = "1,2";
				VALIDATE_PRODUCT = YES;
			};
			name = Release;
		};
		653C0B3C1BBC91F4005B6FD2 /* Debug */ = {
			isa = XCBuildConfiguration;
			buildSettings = {
				ASSETCATALOG_COMPILER_APPICON_NAME = AppIcon;
				INFOPLIST_FILE = "Dartmouth Nutrition/Info.plist";
				LD_RUNPATH_SEARCH_PATHS = "$(inherited) @executable_path/Frameworks";
				PRODUCT_BUNDLE_IDENTIFIER = "CS98.Dartmouth-Nutrition";
				PRODUCT_NAME = "$(TARGET_NAME)";
			};
			name = Debug;
		};
		653C0B3D1BBC91F4005B6FD2 /* Release */ = {
			isa = XCBuildConfiguration;
			buildSettings = {
				ASSETCATALOG_COMPILER_APPICON_NAME = AppIcon;
				INFOPLIST_FILE = "Dartmouth Nutrition/Info.plist";
				LD_RUNPATH_SEARCH_PATHS = "$(inherited) @executable_path/Frameworks";
				PRODUCT_BUNDLE_IDENTIFIER = "CS98.Dartmouth-Nutrition";
				PRODUCT_NAME = "$(TARGET_NAME)";
			};
			name = Release;
		};
		653C0B3F1BBC91F4005B6FD2 /* Debug */ = {
			isa = XCBuildConfiguration;
			buildSettings = {
				BUNDLE_LOADER = "$(TEST_HOST)";
				INFOPLIST_FILE = "Dartmouth NutritionTests/Info.plist";
				LD_RUNPATH_SEARCH_PATHS = "$(inherited) @executable_path/Frameworks @loader_path/Frameworks";
				PRODUCT_BUNDLE_IDENTIFIER = "CS98.Dartmouth-NutritionTests";
				PRODUCT_NAME = "$(TARGET_NAME)";
				TEST_HOST = "$(BUILT_PRODUCTS_DIR)/Dartmouth Nutrition.app/Dartmouth Nutrition";
			};
			name = Debug;
		};
		653C0B401BBC91F4005B6FD2 /* Release */ = {
			isa = XCBuildConfiguration;
			buildSettings = {
				BUNDLE_LOADER = "$(TEST_HOST)";
				INFOPLIST_FILE = "Dartmouth NutritionTests/Info.plist";
				LD_RUNPATH_SEARCH_PATHS = "$(inherited) @executable_path/Frameworks @loader_path/Frameworks";
				PRODUCT_BUNDLE_IDENTIFIER = "CS98.Dartmouth-NutritionTests";
				PRODUCT_NAME = "$(TARGET_NAME)";
				TEST_HOST = "$(BUILT_PRODUCTS_DIR)/Dartmouth Nutrition.app/Dartmouth Nutrition";
			};
			name = Release;
		};
		653C0B421BBC91F4005B6FD2 /* Debug */ = {
			isa = XCBuildConfiguration;
			buildSettings = {
				INFOPLIST_FILE = "Dartmouth NutritionUITests/Info.plist";
				LD_RUNPATH_SEARCH_PATHS = "$(inherited) @executable_path/Frameworks @loader_path/Frameworks";
				PRODUCT_BUNDLE_IDENTIFIER = "CS98.Dartmouth-NutritionUITests";
				PRODUCT_NAME = "$(TARGET_NAME)";
				TEST_TARGET_NAME = "Dartmouth Nutrition";
				USES_XCTRUNNER = YES;
			};
			name = Debug;
		};
		653C0B431BBC91F4005B6FD2 /* Release */ = {
			isa = XCBuildConfiguration;
			buildSettings = {
				INFOPLIST_FILE = "Dartmouth NutritionUITests/Info.plist";
				LD_RUNPATH_SEARCH_PATHS = "$(inherited) @executable_path/Frameworks @loader_path/Frameworks";
				PRODUCT_BUNDLE_IDENTIFIER = "CS98.Dartmouth-NutritionUITests";
				PRODUCT_NAME = "$(TARGET_NAME)";
				TEST_TARGET_NAME = "Dartmouth Nutrition";
				USES_XCTRUNNER = YES;
			};
			name = Release;
		};
/* End XCBuildConfiguration section */

/* Begin XCConfigurationList section */
		653C0B0E1BBC91F3005B6FD2 /* Build configuration list for PBXProject "Dartmouth Nutrition" */ = {
			isa = XCConfigurationList;
			buildConfigurations = (
				653C0B391BBC91F4005B6FD2 /* Debug */,
				653C0B3A1BBC91F4005B6FD2 /* Release */,
			);
			defaultConfigurationIsVisible = 0;
			defaultConfigurationName = Release;
		};
		653C0B3B1BBC91F4005B6FD2 /* Build configuration list for PBXNativeTarget "Dartmouth Nutrition" */ = {
			isa = XCConfigurationList;
			buildConfigurations = (
				653C0B3C1BBC91F4005B6FD2 /* Debug */,
				653C0B3D1BBC91F4005B6FD2 /* Release */,
			);
			defaultConfigurationIsVisible = 0;
			defaultConfigurationName = Release;
		};
		653C0B3E1BBC91F4005B6FD2 /* Build configuration list for PBXNativeTarget "Dartmouth NutritionTests" */ = {
			isa = XCConfigurationList;
			buildConfigurations = (
				653C0B3F1BBC91F4005B6FD2 /* Debug */,
				653C0B401BBC91F4005B6FD2 /* Release */,
			);
			defaultConfigurationIsVisible = 0;
			defaultConfigurationName = Release;
		};
		653C0B411BBC91F4005B6FD2 /* Build configuration list for PBXNativeTarget "Dartmouth NutritionUITests" */ = {
			isa = XCConfigurationList;
			buildConfigurations = (
				653C0B421BBC91F4005B6FD2 /* Debug */,
				653C0B431BBC91F4005B6FD2 /* Release */,
			);
			defaultConfigurationIsVisible = 0;
			defaultConfigurationName = Release;
		};
/* End XCConfigurationList section */
	};
	rootObject = 653C0B0B1BBC91F3005B6FD2 /* Project object */;
}
